// !$*UTF8*$!
{
	archiveVersion = 1;
	classes = {
	};
	objectVersion = 46;
	objects = {

/* Begin PBXBuildFile section */
		591D8BA11DC2353000C6B559 /* AppDelegate.swift in Sources */ = {isa = PBXBuildFile; fileRef = 591D8BA01DC2353000C6B559 /* AppDelegate.swift */; };
		591D8BA31DC2353000C6B559 /* ViewController.swift in Sources */ = {isa = PBXBuildFile; fileRef = 591D8BA21DC2353000C6B559 /* ViewController.swift */; };
		591D8BA61DC2353000C6B559 /* Main.storyboard in Resources */ = {isa = PBXBuildFile; fileRef = 591D8BA41DC2353000C6B559 /* Main.storyboard */; };
		591D8BA81DC2353000C6B559 /* Assets.xcassets in Resources */ = {isa = PBXBuildFile; fileRef = 591D8BA71DC2353000C6B559 /* Assets.xcassets */; };
		591D8BAB1DC2353000C6B559 /* LaunchScreen.storyboard in Resources */ = {isa = PBXBuildFile; fileRef = 591D8BA91DC2353000C6B559 /* LaunchScreen.storyboard */; };
		591D8BFB1DC23C9D00C6B559 /* DetailViewController.swift in Sources */ = {isa = PBXBuildFile; fileRef = 591D8BFA1DC23C9D00C6B559 /* DetailViewController.swift */; };
/* End PBXBuildFile section */

/* Begin PBXFileReference section */
		591D8B9D1DC2353000C6B559 /* project3.5.app */ = {isa = PBXFileReference; explicitFileType = wrapper.application; includeInIndex = 0; path = project3.5.app; sourceTree = BUILT_PRODUCTS_DIR; };
		591D8BA01DC2353000C6B559 /* AppDelegate.swift */ = {isa = PBXFileReference; lastKnownFileType = sourcecode.swift; path = AppDelegate.swift; sourceTree = "<group>"; };
		591D8BA21DC2353000C6B559 /* ViewController.swift */ = {isa = PBXFileReference; lastKnownFileType = sourcecode.swift; path = ViewController.swift; sourceTree = "<group>"; };
		591D8BA51DC2353000C6B559 /* Base */ = {isa = PBXFileReference; lastKnownFileType = file.storyboard; name = Base; path = Base.lproj/Main.storyboard; sourceTree = "<group>"; };
		591D8BA71DC2353000C6B559 /* Assets.xcassets */ = {isa = PBXFileReference; lastKnownFileType = folder.assetcatalog; path = Assets.xcassets; sourceTree = "<group>"; };
		591D8BAA1DC2353000C6B559 /* Base */ = {isa = PBXFileReference; lastKnownFileType = file.storyboard; name = Base; path = Base.lproj/LaunchScreen.storyboard; sourceTree = "<group>"; };
		591D8BAC1DC2353000C6B559 /* Info.plist */ = {isa = PBXFileReference; lastKnownFileType = text.plist.xml; path = Info.plist; sourceTree = "<group>"; };
		591D8BFA1DC23C9D00C6B559 /* DetailViewController.swift */ = {isa = PBXFileReference; fileEncoding = 4; lastKnownFileType = sourcecode.swift; path = DetailViewController.swift; sourceTree = "<group>"; };
/* End PBXFileReference section */

/* Begin PBXFrameworksBuildPhase section */
		591D8B9A1DC2353000C6B559 /* Frameworks */ = {
			isa = PBXFrameworksBuildPhase;
			buildActionMask = 2147483647;
			files = (
			);
			runOnlyForDeploymentPostprocessing = 0;
		};
/* End PBXFrameworksBuildPhase section */

/* Begin PBXGroup section */
		591D8B941DC2353000C6B559 = {
			isa = PBXGroup;
			children = (
				591D8B9F1DC2353000C6B559 /* project3.5 */,
				591D8B9E1DC2353000C6B559 /* Products */,
			);
			sourceTree = "<group>";
		};
		591D8B9E1DC2353000C6B559 /* Products */ = {
			isa = PBXGroup;
			children = (
				591D8B9D1DC2353000C6B559 /* project3.5.app */,
			);
			name = Products;
			sourceTree = "<group>";
		};
		591D8B9F1DC2353000C6B559 /* project3.5 */ = {
			isa = PBXGroup;
			children = (
				591D8BA01DC2353000C6B559 /* AppDelegate.swift */,
				591D8BA21DC2353000C6B559 /* ViewController.swift */,
				591D8BFA1DC23C9D00C6B559 /* DetailViewController.swift */,
				591D8BA41DC2353000C6B559 /* Main.storyboard */,
				591D8BA71DC2353000C6B559 /* Assets.xcassets */,
				591D8BA91DC2353000C6B559 /* LaunchScreen.storyboard */,
				591D8BAC1DC2353000C6B559 /* Info.plist */,
			);
			path = project3.5;
			sourceTree = "<group>";
		};
/* End PBXGroup section */

/* Begin PBXNativeTarget section */
		591D8B9C1DC2353000C6B559 /* project3.5 */ = {
			isa = PBXNativeTarget;
			buildConfigurationList = 591D8BAF1DC2353000C6B559 /* Build configuration list for PBXNativeTarget "project3.5" */;
			buildPhases = (
				591D8B991DC2353000C6B559 /* Sources */,
				591D8B9A1DC2353000C6B559 /* Frameworks */,
				591D8B9B1DC2353000C6B559 /* Resources */,
			);
			buildRules = (
			);
			dependencies = (
			);
			name = project3.5;
			productName = project3.5;
			productReference = 591D8B9D1DC2353000C6B559 /* project3.5.app */;
			productType = "com.apple.product-type.application";
		};
/* End PBXNativeTarget section */

/* Begin PBXProject section */
		591D8B951DC2353000C6B559 /* Project object */ = {
			isa = PBXProject;
			attributes = {
				LastSwiftUpdateCheck = 0800;
				LastUpgradeCheck = 0800;
				ORGANIZATIONNAME = "Jay Steingold";
				TargetAttributes = {
					591D8B9C1DC2353000C6B559 = {
						CreatedOnToolsVersion = 8.0;
						ProvisioningStyle = Automatic;
					};
				};
			};
			buildConfigurationList = 591D8B981DC2353000C6B559 /* Build configuration list for PBXProject "project3.5" */;
			compatibilityVersion = "Xcode 3.2";
			developmentRegion = English;
			hasScannedForEncodings = 0;
			knownRegions = (
				en,
				Base,
			);
			mainGroup = 591D8B941DC2353000C6B559;
			productRefGroup = 591D8B9E1DC2353000C6B559 /* Products */;
			projectDirPath = "";
			projectRoot = "";
			targets = (
				591D8B9C1DC2353000C6B559 /* project3.5 */,
			);
		};
/* End PBXProject section */

/* Begin PBXResourcesBuildPhase section */
		591D8B9B1DC2353000C6B559 /* Resources */ = {
			isa = PBXResourcesBuildPhase;
			buildActionMask = 2147483647;
			files = (
				591D8BAB1DC2353000C6B559 /* LaunchScreen.storyboard in Resources */,
				591D8BA81DC2353000C6B559 /* Assets.xcassets in Resources */,
				591D8BA61DC2353000C6B559 /* Main.storyboard in Resources */,
			);
			runOnlyForDeploymentPostprocessing = 0;
		};
/* End PBXResourcesBuildPhase section */

/* Begin PBXSourcesBuildPhase section */
		591D8B991DC2353000C6B559 /* Sources */ = {
			isa = PBXSourcesBuildPhase;
			buildActionMask = 2147483647;
			files = (
				591D8BFB1DC23C9D00C6B559 /* DetailViewController.swift in Sources */,
				591D8BA31DC2353000C6B559 /* ViewController.swift in Sources */,
				591D8BA11DC2353000C6B559 /* AppDelegate.swift in Sources */,
			);
			runOnlyForDeploymentPostprocessing = 0;
		};
/* End PBXSourcesBuildPhase section */

/* Begin PBXVariantGroup section */
		591D8BA41DC2353000C6B559 /* Main.storyboard */ = {
			isa = PBXVariantGroup;
			children = (
				591D8BA51DC2353000C6B559 /* Base */,
			);
			name = Main.storyboard;
			sourceTree = "<group>";
		};
		591D8BA91DC2353000C6B559 /* LaunchScreen.storyboard */ = {
			isa = PBXVariantGroup;
			children = (
				591D8BAA1DC2353000C6B559 /* Base */,
			);
			name = LaunchScreen.storyboard;
			sourceTree = "<group>";
		};
/* End PBXVariantGroup section */

/* Begin XCBuildConfiguration section */
		591D8BAD1DC2353000C6B559 /* Debug */ = {
			isa = XCBuildConfiguration;
			buildSettings = {
				ALWAYS_SEARCH_USER_PATHS = NO;
				CLANG_ANALYZER_NONNULL = YES;
				CLANG_CXX_LANGUAGE_STANDARD = "gnu++0x";
				CLANG_CXX_LIBRARY = "libc++";
				CLANG_ENABLE_MODULES = YES;
				CLANG_ENABLE_OBJC_ARC = YES;
				CLANG_WARN_BOOL_CONVERSION = YES;
				CLANG_WARN_CONSTANT_CONVERSION = YES;
				CLANG_WARN_DIRECT_OBJC_ISA_USAGE = YES_ERROR;
				CLANG_WARN_DOCUMENTATION_COMMENTS = YES;
				CLANG_WARN_EMPTY_BODY = YES;
				CLANG_WARN_ENUM_CONVERSION = YES;
				CLANG_WARN_INFINITE_RECURSION = YES;
				CLANG_WARN_INT_CONVERSION = YES;
				CLANG_WARN_OBJC_ROOT_CLASS = YES_ERROR;
				CLANG_WARN_SUSPICIOUS_MOVES = YES;
				CLANG_WARN_UNREACHABLE_CODE = YES;
				CLANG_WARN__DUPLICATE_METHOD_MATCH = YES;
				"CODE_SIGN_IDENTITY[sdk=iphoneos*]" = "iPhone Developer";
				COPY_PHASE_STRIP = NO;
				DEBUG_INFORMATION_FORMAT = dwarf;
				ENABLE_STRICT_OBJC_MSGSEND = YES;
				ENABLE_TESTABILITY = YES;
				GCC_C_LANGUAGE_STANDARD = gnu99;
				GCC_DYNAMIC_NO_PIC = NO;
				GCC_NO_COMMON_BLOCKS = YES;
				GCC_OPTIMIZATION_LEVEL = 0;
				GCC_PREPROCESSOR_DEFINITIONS = (
					"DEBUG=1",
					"$(inherited)",
				);
				GCC_WARN_64_TO_32_BIT_CONVERSION = YES;
				GCC_WARN_ABOUT_RETURN_TYPE = YES_ERROR;
				GCC_WARN_UNDECLARED_SELECTOR = YES;
				GCC_WARN_UNINITIALIZED_AUTOS = YES_AGGRESSIVE;
				GCC_WARN_UNUSED_FUNCTION = YES;
				GCC_WARN_UNUSED_VARIABLE = YES;
				IPHONEOS_DEPLOYMENT_TARGET = 10.0;
				MTL_ENABLE_DEBUG_INFO = YES;
				ONLY_ACTIVE_ARCH = YES;
				SDKROOT = iphoneos;
				SWIFT_ACTIVE_COMPILATION_CONDITIONS = DEBUG;
				SWIFT_OPTIMIZATION_LEVEL = "-Onone";
			};
			name = Debug;
		};
		591D8BAE1DC2353000C6B559 /* Release */ = {
			isa = XCBuildConfiguration;
			buildSettings = {
				ALWAYS_SEARCH_USER_PATHS = NO;
				CLANG_ANALYZER_NONNULL = YES;
				CLANG_CXX_LANGUAGE_STANDARD = "gnu++0x";
				CLANG_CXX_LIBRARY = "libc++";
				CLANG_ENABLE_MODULES = YES;
				CLANG_ENABLE_OBJC_ARC = YES;
				CLANG_WARN_BOOL_CONVERSION = YES;
				CLANG_WARN_CONSTANT_CONVERSION = YES;
				CLANG_WARN_DIRECT_OBJC_ISA_USAGE = YES_ERROR;
				CLANG_WARN_DOCUMENTATION_COMMENTS = YES;
				CLANG_WARN_EMPTY_BODY = YES;
				CLANG_WARN_ENUM_CONVERSION = YES;
				CLANG_WARN_INFINITE_RECURSION = YES;
				CLANG_WARN_INT_CONVERSION = YES;
				CLANG_WARN_OBJC_ROOT_CLASS = YES_ERROR;
				CLANG_WARN_SUSPICIOUS_MOVES = YES;
				CLANG_WARN_UNREACHABLE_CODE = YES;
				CLANG_WARN__DUPLICATE_METHOD_MATCH = YES;
				"CODE_SIGN_IDENTITY[sdk=iphoneos*]" = "iPhone Developer";
				COPY_PHASE_STRIP = NO;
				DEBUG_INFORMATION_FORMAT = "dwarf-with-dsym";
				ENABLE_NS_ASSERTIONS = NO;
				ENABLE_STRICT_OBJC_MSGSEND = YES;
				GCC_C_LANGUAGE_STANDARD = gnu99;
				GCC_NO_COMMON_BLOCKS = YES;
				GCC_WARN_64_TO_32_BIT_CONVERSION = YES;
				GCC_WARN_ABOUT_RETURN_TYPE = YES_ERROR;
				GCC_WARN_UNDECLARED_SELECTOR = YES;
				GCC_WARN_UNINITIALIZED_AUTOS = YES_AGGRESSIVE;
				GCC_WARN_UNUSED_FUNCTION = YES;
				GCC_WARN_UNUSED_VARIABLE = YES;
				IPHONEOS_DEPLOYMENT_TARGET = 10.0;
				MTL_ENABLE_DEBUG_INFO = NO;
				SDKROOT = iphoneos;
				SWIFT_OPTIMIZATION_LEVEL = "-Owholemodule";
				VALIDATE_PRODUCT = YES;
			};
			name = Release;
		};
		591D8BB01DC2353000C6B559 /* Debug */ = {
			isa = XCBuildConfiguration;
			buildSettings = {
				ASSETCATALOG_COMPILER_APPICON_NAME = AppIcon;
				INFOPLIST_FILE = project3.5/Info.plist;
				LD_RUNPATH_SEARCH_PATHS = "$(inherited) @executable_path/Frameworks";
				PRODUCT_BUNDLE_IDENTIFIER = "com.jaysteingold.project3-5";
				PRODUCT_NAME = "$(TARGET_NAME)";
				SWIFT_VERSION = 3.0;
			};
			name = Debug;
		};
		591D8BB11DC2353000C6B559 /* Release */ = {
			isa = XCBuildConfiguration;
			buildSettings = {
				ASSETCATALOG_COMPILER_APPICON_NAME = AppIcon;
				INFOPLIST_FILE = project3.5/Info.plist;
				LD_RUNPATH_SEARCH_PATHS = "$(inherited) @executable_path/Frameworks";
				PRODUCT_BUNDLE_IDENTIFIER = "com.jaysteingold.project3-5";
				PRODUCT_NAME = "$(TARGET_NAME)";
				SWIFT_VERSION = 3.0;
			};
			name = Release;
		};
/* End XCBuildConfiguration section */

/* Begin XCConfigurationList section */
		591D8B981DC2353000C6B559 /* Build configuration list for PBXProject "project3.5" */ = {
			isa = XCConfigurationList;
			buildConfigurations = (
				591D8BAD1DC2353000C6B559 /* Debug */,
				591D8BAE1DC2353000C6B559 /* Release */,
			);
			defaultConfigurationIsVisible = 0;
			defaultConfigurationName = Release;
		};
		591D8BAF1DC2353000C6B559 /* Build configuration list for PBXNativeTarget "project3.5" */ = {
			isa = XCConfigurationList;
			buildConfigurations = (
				591D8BB01DC2353000C6B559 /* Debug */,
				591D8BB11DC2353000C6B559 /* Release */,
			);
			defaultConfigurationIsVisible = 0;
			defaultConfigurationName = Release;
		};
/* End XCConfigurationList section */
	};
	rootObject = 591D8B951DC2353000C6B559 /* Project object */;
}
