// !$*UTF8*$!
{
	archiveVersion = 1;
	classes = {
	};
	objectVersion = 46;
	objects = {

/* Begin PBXBuildFile section */
		591D8BA11DC2353000C6B559 /* AppDelegate.swift in Sources */ = {isa = PBXBuildFile; fileRef = 591D8BA01DC2353000C6B559 /* AppDelegate.swift */; };
		591D8BA31DC2353000C6B559 /* ViewController.swift in Sources */ = {isa = PBXBuildFile; fileRef = 591D8BA21DC2353000C6B559 /* ViewController.swift */; };
		591D8BA61DC2353000C6B559 /* Main.storyboard in Resources */ = {isa = PBXBuildFile; fileRef = 591D8BA41DC2353000C6B559 /* Main.storyboard */; };
		591D8BA81DC2353000C6B559 /* Assets.xcassets in Resources */ = {isa = PBXBuildFile; fileRef = 591D8BA71DC2353000C6B559 /* Assets.xcassets */; };
		591D8BAB1DC2353000C6B559 /* LaunchScreen.storyboard in Resources */ = {isa = PBXBuildFile; fileRef = 591D8BA91DC2353000C6B559 /* LaunchScreen.storyboard */; };
		591D8BD61DC23B9D00C6B559 /* estonia.png in Resources */ = {isa = PBXBuildFile; fileRef = 591D8BB21DC23B9D00C6B559 /* estonia.png */; };
		591D8BD71DC23B9D00C6B559 /* estonia@2x.png in Resources */ = {isa = PBXBuildFile; fileRef = 591D8BB31DC23B9D00C6B559 /* estonia@2x.png */; };
		591D8BD81DC23B9D00C6B559 /* estonia@3x.png in Resources */ = {isa = PBXBuildFile; fileRef = 591D8BB41DC23B9D00C6B559 /* estonia@3x.png */; };
		591D8BD91DC23B9D00C6B559 /* france.png in Resources */ = {isa = PBXBuildFile; fileRef = 591D8BB51DC23B9D00C6B559 /* france.png */; };
		591D8BDA1DC23B9D00C6B559 /* france@2x.png in Resources */ = {isa = PBXBuildFile; fileRef = 591D8BB61DC23B9D00C6B559 /* france@2x.png */; };
		591D8BDB1DC23B9D00C6B559 /* france@3x.png in Resources */ = {isa = PBXBuildFile; fileRef = 591D8BB71DC23B9D00C6B559 /* france@3x.png */; };
		591D8BDC1DC23B9D00C6B559 /* germany.png in Resources */ = {isa = PBXBuildFile; fileRef = 591D8BB81DC23B9D00C6B559 /* germany.png */; };
		591D8BDD1DC23B9D00C6B559 /* germany@2x.png in Resources */ = {isa = PBXBuildFile; fileRef = 591D8BB91DC23B9D00C6B559 /* germany@2x.png */; };
		591D8BDE1DC23B9D00C6B559 /* germany@3x.png in Resources */ = {isa = PBXBuildFile; fileRef = 591D8BBA1DC23B9D00C6B559 /* germany@3x.png */; };
		591D8BDF1DC23B9D00C6B559 /* ireland.png in Resources */ = {isa = PBXBuildFile; fileRef = 591D8BBB1DC23B9D00C6B559 /* ireland.png */; };
		591D8BE01DC23B9D00C6B559 /* ireland@2x.png in Resources */ = {isa = PBXBuildFile; fileRef = 591D8BBC1DC23B9D00C6B559 /* ireland@2x.png */; };
		591D8BE11DC23B9D00C6B559 /* ireland@3x.png in Resources */ = {isa = PBXBuildFile; fileRef = 591D8BBD1DC23B9D00C6B559 /* ireland@3x.png */; };
		591D8BE21DC23B9D00C6B559 /* italy.png in Resources */ = {isa = PBXBuildFile; fileRef = 591D8BBE1DC23B9D00C6B559 /* italy.png */; };
		591D8BE31DC23B9D00C6B559 /* italy@2x.png in Resources */ = {isa = PBXBuildFile; fileRef = 591D8BBF1DC23B9D00C6B559 /* italy@2x.png */; };
		591D8BE41DC23B9D00C6B559 /* italy@3x.png in Resources */ = {isa = PBXBuildFile; fileRef = 591D8BC01DC23B9D00C6B559 /* italy@3x.png */; };
		591D8BE51DC23B9D00C6B559 /* monaco.png in Resources */ = {isa = PBXBuildFile; fileRef = 591D8BC11DC23B9D00C6B559 /* monaco.png */; };
		591D8BE61DC23B9D00C6B559 /* monaco@2x.png in Resources */ = {isa = PBXBuildFile; fileRef = 591D8BC21DC23B9D00C6B559 /* monaco@2x.png */; };
		591D8BE71DC23B9D00C6B559 /* monaco@3x.png in Resources */ = {isa = PBXBuildFile; fileRef = 591D8BC31DC23B9D00C6B559 /* monaco@3x.png */; };
		591D8BE81DC23B9D00C6B559 /* nigeria.png in Resources */ = {isa = PBXBuildFile; fileRef = 591D8BC41DC23B9D00C6B559 /* nigeria.png */; };
		591D8BE91DC23B9D00C6B559 /* nigeria@2x.png in Resources */ = {isa = PBXBuildFile; fileRef = 591D8BC51DC23B9D00C6B559 /* nigeria@2x.png */; };
		591D8BEA1DC23B9D00C6B559 /* nigeria@3x.png in Resources */ = {isa = PBXBuildFile; fileRef = 591D8BC61DC23B9D00C6B559 /* nigeria@3x.png */; };
		591D8BEB1DC23B9D00C6B559 /* poland.png in Resources */ = {isa = PBXBuildFile; fileRef = 591D8BC71DC23B9D00C6B559 /* poland.png */; };
		591D8BEC1DC23B9D00C6B559 /* poland@2x.png in Resources */ = {isa = PBXBuildFile; fileRef = 591D8BC81DC23B9D00C6B559 /* poland@2x.png */; };
		591D8BED1DC23B9D00C6B559 /* poland@3x.png in Resources */ = {isa = PBXBuildFile; fileRef = 591D8BC91DC23B9D00C6B559 /* poland@3x.png */; };
		591D8BEE1DC23B9D00C6B559 /* russia.png in Resources */ = {isa = PBXBuildFile; fileRef = 591D8BCA1DC23B9D00C6B559 /* russia.png */; };
		591D8BEF1DC23B9D00C6B559 /* russia@2x.png in Resources */ = {isa = PBXBuildFile; fileRef = 591D8BCB1DC23B9D00C6B559 /* russia@2x.png */; };
		591D8BF01DC23B9D00C6B559 /* russia@3x.png in Resources */ = {isa = PBXBuildFile; fileRef = 591D8BCC1DC23B9D00C6B559 /* russia@3x.png */; };
		591D8BF11DC23B9D00C6B559 /* spain.png in Resources */ = {isa = PBXBuildFile; fileRef = 591D8BCD1DC23B9D00C6B559 /* spain.png */; };
		591D8BF21DC23B9D00C6B559 /* spain@2x.png in Resources */ = {isa = PBXBuildFile; fileRef = 591D8BCE1DC23B9D00C6B559 /* spain@2x.png */; };
		591D8BF31DC23B9D00C6B559 /* spain@3x.png in Resources */ = {isa = PBXBuildFile; fileRef = 591D8BCF1DC23B9D00C6B559 /* spain@3x.png */; };
		591D8BF41DC23B9D00C6B559 /* uk.png in Resources */ = {isa = PBXBuildFile; fileRef = 591D8BD01DC23B9D00C6B559 /* uk.png */; };
		591D8BF51DC23B9D00C6B559 /* uk@2x.png in Resources */ = {isa = PBXBuildFile; fileRef = 591D8BD11DC23B9D00C6B559 /* uk@2x.png */; };
		591D8BF61DC23B9D00C6B559 /* uk@3x.png in Resources */ = {isa = PBXBuildFile; fileRef = 591D8BD21DC23B9D00C6B559 /* uk@3x.png */; };
		591D8BF71DC23B9D00C6B559 /* us.png in Resources */ = {isa = PBXBuildFile; fileRef = 591D8BD31DC23B9D00C6B559 /* us.png */; };
		591D8BF81DC23B9D00C6B559 /* us@2x.png in Resources */ = {isa = PBXBuildFile; fileRef = 591D8BD41DC23B9D00C6B559 /* us@2x.png */; };
		591D8BF91DC23B9D00C6B559 /* us@3x.png in Resources */ = {isa = PBXBuildFile; fileRef = 591D8BD51DC23B9D00C6B559 /* us@3x.png */; };
		591D8BFB1DC23C9D00C6B559 /* DetailViewController.swift in Sources */ = {isa = PBXBuildFile; fileRef = 591D8BFA1DC23C9D00C6B559 /* DetailViewController.swift */; };
/* End PBXBuildFile section */

/* Begin PBXFileReference section */
		591D8B9D1DC2353000C6B559 /* project3.5.app */ = {isa = PBXFileReference; explicitFileType = wrapper.application; includeInIndex = 0; path = project3.5.app; sourceTree = BUILT_PRODUCTS_DIR; };
		591D8BA01DC2353000C6B559 /* AppDelegate.swift */ = {isa = PBXFileReference; lastKnownFileType = sourcecode.swift; path = AppDelegate.swift; sourceTree = "<group>"; };
		591D8BA21DC2353000C6B559 /* ViewController.swift */ = {isa = PBXFileReference; lastKnownFileType = sourcecode.swift; path = ViewController.swift; sourceTree = "<group>"; };
		591D8BA51DC2353000C6B559 /* Base */ = {isa = PBXFileReference; lastKnownFileType = file.storyboard; name = Base; path = Base.lproj/Main.storyboard; sourceTree = "<group>"; };
		591D8BA71DC2353000C6B559 /* Assets.xcassets */ = {isa = PBXFileReference; lastKnownFileType = folder.assetcatalog; path = Assets.xcassets; sourceTree = "<group>"; };
		591D8BAA1DC2353000C6B559 /* Base */ = {isa = PBXFileReference; lastKnownFileType = file.storyboard; name = Base; path = Base.lproj/LaunchScreen.storyboard; sourceTree = "<group>"; };
		591D8BAC1DC2353000C6B559 /* Info.plist */ = {isa = PBXFileReference; lastKnownFileType = text.plist.xml; path = Info.plist; sourceTree = "<group>"; };
		591D8BB21DC23B9D00C6B559 /* estonia.png */ = {isa = PBXFileReference; lastKnownFileType = image.png; path = estonia.png; sourceTree = "<group>"; };
		591D8BB31DC23B9D00C6B559 /* estonia@2x.png */ = {isa = PBXFileReference; lastKnownFileType = image.png; path = "estonia@2x.png"; sourceTree = "<group>"; };
		591D8BB41DC23B9D00C6B559 /* estonia@3x.png */ = {isa = PBXFileReference; lastKnownFileType = image.png; path = "estonia@3x.png"; sourceTree = "<group>"; };
		591D8BB51DC23B9D00C6B559 /* france.png */ = {isa = PBXFileReference; lastKnownFileType = image.png; path = france.png; sourceTree = "<group>"; };
		591D8BB61DC23B9D00C6B559 /* france@2x.png */ = {isa = PBXFileReference; lastKnownFileType = image.png; path = "france@2x.png"; sourceTree = "<group>"; };
		591D8BB71DC23B9D00C6B559 /* france@3x.png */ = {isa = PBXFileReference; lastKnownFileType = image.png; path = "france@3x.png"; sourceTree = "<group>"; };
		591D8BB81DC23B9D00C6B559 /* germany.png */ = {isa = PBXFileReference; lastKnownFileType = image.png; path = germany.png; sourceTree = "<group>"; };
		591D8BB91DC23B9D00C6B559 /* germany@2x.png */ = {isa = PBXFileReference; lastKnownFileType = image.png; path = "germany@2x.png"; sourceTree = "<group>"; };
		591D8BBA1DC23B9D00C6B559 /* germany@3x.png */ = {isa = PBXFileReference; lastKnownFileType = image.png; path = "germany@3x.png"; sourceTree = "<group>"; };
		591D8BBB1DC23B9D00C6B559 /* ireland.png */ = {isa = PBXFileReference; lastKnownFileType = image.png; path = ireland.png; sourceTree = "<group>"; };
		591D8BBC1DC23B9D00C6B559 /* ireland@2x.png */ = {isa = PBXFileReference; lastKnownFileType = image.png; path = "ireland@2x.png"; sourceTree = "<group>"; };
		591D8BBD1DC23B9D00C6B559 /* ireland@3x.png */ = {isa = PBXFileReference; lastKnownFileType = image.png; path = "ireland@3x.png"; sourceTree = "<group>"; };
		591D8BBE1DC23B9D00C6B559 /* italy.png */ = {isa = PBXFileReference; lastKnownFileType = image.png; path = italy.png; sourceTree = "<group>"; };
		591D8BBF1DC23B9D00C6B559 /* italy@2x.png */ = {isa = PBXFileReference; lastKnownFileType = image.png; path = "italy@2x.png"; sourceTree = "<group>"; };
		591D8BC01DC23B9D00C6B559 /* italy@3x.png */ = {isa = PBXFileReference; lastKnownFileType = image.png; path = "italy@3x.png"; sourceTree = "<group>"; };
		591D8BC11DC23B9D00C6B559 /* monaco.png */ = {isa = PBXFileReference; lastKnownFileType = image.png; path = monaco.png; sourceTree = "<group>"; };
		591D8BC21DC23B9D00C6B559 /* monaco@2x.png */ = {isa = PBXFileReference; lastKnownFileType = image.png; path = "monaco@2x.png"; sourceTree = "<group>"; };
		591D8BC31DC23B9D00C6B559 /* monaco@3x.png */ = {isa = PBXFileReference; lastKnownFileType = image.png; path = "monaco@3x.png"; sourceTree = "<group>"; };
		591D8BC41DC23B9D00C6B559 /* nigeria.png */ = {isa = PBXFileReference; lastKnownFileType = image.png; path = nigeria.png; sourceTree = "<group>"; };
		591D8BC51DC23B9D00C6B559 /* nigeria@2x.png */ = {isa = PBXFileReference; lastKnownFileType = image.png; path = "nigeria@2x.png"; sourceTree = "<group>"; };
		591D8BC61DC23B9D00C6B559 /* nigeria@3x.png */ = {isa = PBXFileReference; lastKnownFileType = image.png; path = "nigeria@3x.png"; sourceTree = "<group>"; };
		591D8BC71DC23B9D00C6B559 /* poland.png */ = {isa = PBXFileReference; lastKnownFileType = image.png; path = poland.png; sourceTree = "<group>"; };
		591D8BC81DC23B9D00C6B559 /* poland@2x.png */ = {isa = PBXFileReference; lastKnownFileType = image.png; path = "poland@2x.png"; sourceTree = "<group>"; };
		591D8BC91DC23B9D00C6B559 /* poland@3x.png */ = {isa = PBXFileReference; lastKnownFileType = image.png; path = "poland@3x.png"; sourceTree = "<group>"; };
		591D8BCA1DC23B9D00C6B559 /* russia.png */ = {isa = PBXFileReference; lastKnownFileType = image.png; path = russia.png; sourceTree = "<group>"; };
		591D8BCB1DC23B9D00C6B559 /* russia@2x.png */ = {isa = PBXFileReference; lastKnownFileType = image.png; path = "russia@2x.png"; sourceTree = "<group>"; };
		591D8BCC1DC23B9D00C6B559 /* russia@3x.png */ = {isa = PBXFileReference; lastKnownFileType = image.png; path = "russia@3x.png"; sourceTree = "<group>"; };
		591D8BCD1DC23B9D00C6B559 /* spain.png */ = {isa = PBXFileReference; lastKnownFileType = image.png; path = spain.png; sourceTree = "<group>"; };
		591D8BCE1DC23B9D00C6B559 /* spain@2x.png */ = {isa = PBXFileReference; lastKnownFileType = image.png; path = "spain@2x.png"; sourceTree = "<group>"; };
		591D8BCF1DC23B9D00C6B559 /* spain@3x.png */ = {isa = PBXFileReference; lastKnownFileType = image.png; path = "spain@3x.png"; sourceTree = "<group>"; };
		591D8BD01DC23B9D00C6B559 /* uk.png */ = {isa = PBXFileReference; lastKnownFileType = image.png; path = uk.png; sourceTree = "<group>"; };
		591D8BD11DC23B9D00C6B559 /* uk@2x.png */ = {isa = PBXFileReference; lastKnownFileType = image.png; path = "uk@2x.png"; sourceTree = "<group>"; };
		591D8BD21DC23B9D00C6B559 /* uk@3x.png */ = {isa = PBXFileReference; lastKnownFileType = image.png; path = "uk@3x.png"; sourceTree = "<group>"; };
		591D8BD31DC23B9D00C6B559 /* us.png */ = {isa = PBXFileReference; lastKnownFileType = image.png; path = us.png; sourceTree = "<group>"; };
		591D8BD41DC23B9D00C6B559 /* us@2x.png */ = {isa = PBXFileReference; lastKnownFileType = image.png; path = "us@2x.png"; sourceTree = "<group>"; };
		591D8BD51DC23B9D00C6B559 /* us@3x.png */ = {isa = PBXFileReference; lastKnownFileType = image.png; path = "us@3x.png"; sourceTree = "<group>"; };
		591D8BFA1DC23C9D00C6B559 /* DetailViewController.swift */ = {isa = PBXFileReference; fileEncoding = 4; lastKnownFileType = sourcecode.swift; path = DetailViewController.swift; sourceTree = "<group>"; };
/* End PBXFileReference section */

/* Begin PBXFrameworksBuildPhase section */
		591D8B9A1DC2353000C6B559 /* Frameworks */ = {
			isa = PBXFrameworksBuildPhase;
			buildActionMask = 2147483647;
			files = (
			);
			runOnlyForDeploymentPostprocessing = 0;
		};
/* End PBXFrameworksBuildPhase section */

/* Begin PBXGroup section */
		591D8B941DC2353000C6B559 = {
			isa = PBXGroup;
			children = (
				591D8B9F1DC2353000C6B559 /* project3.5 */,
				591D8B9E1DC2353000C6B559 /* Products */,
			);
			sourceTree = "<group>";
		};
		591D8B9E1DC2353000C6B559 /* Products */ = {
			isa = PBXGroup;
			children = (
				591D8B9D1DC2353000C6B559 /* project3.5.app */,
			);
			name = Products;
			sourceTree = "<group>";
		};
		591D8B9F1DC2353000C6B559 /* project3.5 */ = {
			isa = PBXGroup;
			children = (
				591D8BA01DC2353000C6B559 /* AppDelegate.swift */,
				591D8BA21DC2353000C6B559 /* ViewController.swift */,
				591D8BFA1DC23C9D00C6B559 /* DetailViewController.swift */,
				591D8BA41DC2353000C6B559 /* Main.storyboard */,
				591D8BA71DC2353000C6B559 /* Assets.xcassets */,
				591D8BA91DC2353000C6B559 /* LaunchScreen.storyboard */,
				591D8BB21DC23B9D00C6B559 /* estonia.png */,
				591D8BB31DC23B9D00C6B559 /* estonia@2x.png */,
				591D8BB41DC23B9D00C6B559 /* estonia@3x.png */,
				591D8BB51DC23B9D00C6B559 /* france.png */,
				591D8BB61DC23B9D00C6B559 /* france@2x.png */,
				591D8BB71DC23B9D00C6B559 /* france@3x.png */,
				591D8BB81DC23B9D00C6B559 /* germany.png */,
				591D8BB91DC23B9D00C6B559 /* germany@2x.png */,
				591D8BBA1DC23B9D00C6B559 /* germany@3x.png */,
				591D8BBB1DC23B9D00C6B559 /* ireland.png */,
				591D8BBC1DC23B9D00C6B559 /* ireland@2x.png */,
				591D8BBD1DC23B9D00C6B559 /* ireland@3x.png */,
				591D8BBE1DC23B9D00C6B559 /* italy.png */,
				591D8BBF1DC23B9D00C6B559 /* italy@2x.png */,
				591D8BC01DC23B9D00C6B559 /* italy@3x.png */,
				591D8BC11DC23B9D00C6B559 /* monaco.png */,
				591D8BC21DC23B9D00C6B559 /* monaco@2x.png */,
				591D8BC31DC23B9D00C6B559 /* monaco@3x.png */,
				591D8BC41DC23B9D00C6B559 /* nigeria.png */,
				591D8BC51DC23B9D00C6B559 /* nigeria@2x.png */,
				591D8BC61DC23B9D00C6B559 /* nigeria@3x.png */,
				591D8BC71DC23B9D00C6B559 /* poland.png */,
				591D8BC81DC23B9D00C6B559 /* poland@2x.png */,
				591D8BC91DC23B9D00C6B559 /* poland@3x.png */,
				591D8BCA1DC23B9D00C6B559 /* russia.png */,
				591D8BCB1DC23B9D00C6B559 /* russia@2x.png */,
				591D8BCC1DC23B9D00C6B559 /* russia@3x.png */,
				591D8BCD1DC23B9D00C6B559 /* spain.png */,
				591D8BCE1DC23B9D00C6B559 /* spain@2x.png */,
				591D8BCF1DC23B9D00C6B559 /* spain@3x.png */,
				591D8BD01DC23B9D00C6B559 /* uk.png */,
				591D8BD11DC23B9D00C6B559 /* uk@2x.png */,
				591D8BD21DC23B9D00C6B559 /* uk@3x.png */,
				591D8BD31DC23B9D00C6B559 /* us.png */,
				591D8BD41DC23B9D00C6B559 /* us@2x.png */,
				591D8BD51DC23B9D00C6B559 /* us@3x.png */,
				591D8BAC1DC2353000C6B559 /* Info.plist */,
			);
			path = project3.5;
			sourceTree = "<group>";
		};
/* End PBXGroup section */

/* Begin PBXNativeTarget section */
		591D8B9C1DC2353000C6B559 /* project3.5 */ = {
			isa = PBXNativeTarget;
			buildConfigurationList = 591D8BAF1DC2353000C6B559 /* Build configuration list for PBXNativeTarget "project3.5" */;
			buildPhases = (
				591D8B991DC2353000C6B559 /* Sources */,
				591D8B9A1DC2353000C6B559 /* Frameworks */,
				591D8B9B1DC2353000C6B559 /* Resources */,
			);
			buildRules = (
			);
			dependencies = (
			);
			name = project3.5;
			productName = project3.5;
			productReference = 591D8B9D1DC2353000C6B559 /* project3.5.app */;
			productType = "com.apple.product-type.application";
		};
/* End PBXNativeTarget section */

/* Begin PBXProject section */
		591D8B951DC2353000C6B559 /* Project object */ = {
			isa = PBXProject;
			attributes = {
				LastSwiftUpdateCheck = 0800;
				LastUpgradeCheck = 0800;
				ORGANIZATIONNAME = "Jay Steingold";
				TargetAttributes = {
					591D8B9C1DC2353000C6B559 = {
						CreatedOnToolsVersion = 8.0;
						ProvisioningStyle = Automatic;
					};
				};
			};
			buildConfigurationList = 591D8B981DC2353000C6B559 /* Build configuration list for PBXProject "project3.5" */;
			compatibilityVersion = "Xcode 3.2";
			developmentRegion = English;
			hasScannedForEncodings = 0;
			knownRegions = (
				en,
				Base,
			);
			mainGroup = 591D8B941DC2353000C6B559;
			productRefGroup = 591D8B9E1DC2353000C6B559 /* Products */;
			projectDirPath = "";
			projectRoot = "";
			targets = (
				591D8B9C1DC2353000C6B559 /* project3.5 */,
			);
		};
/* End PBXProject section */

/* Begin PBXResourcesBuildPhase section */
		591D8B9B1DC2353000C6B559 /* Resources */ = {
			isa = PBXResourcesBuildPhase;
			buildActionMask = 2147483647;
			files = (
				591D8BF81DC23B9D00C6B559 /* us@2x.png in Resources */,
				591D8BDF1DC23B9D00C6B559 /* ireland.png in Resources */,
				591D8BD71DC23B9D00C6B559 /* estonia@2x.png in Resources */,
				591D8BEC1DC23B9D00C6B559 /* poland@2x.png in Resources */,
				591D8BF51DC23B9D00C6B559 /* uk@2x.png in Resources */,
				591D8BDA1DC23B9D00C6B559 /* france@2x.png in Resources */,
				591D8BF91DC23B9D00C6B559 /* us@3x.png in Resources */,
				591D8BF21DC23B9D00C6B559 /* spain@2x.png in Resources */,
				591D8BEE1DC23B9D00C6B559 /* russia.png in Resources */,
				591D8BE61DC23B9D00C6B559 /* monaco@2x.png in Resources */,
				591D8BED1DC23B9D00C6B559 /* poland@3x.png in Resources */,
				591D8BE41DC23B9D00C6B559 /* italy@3x.png in Resources */,
				591D8BF11DC23B9D00C6B559 /* spain.png in Resources */,
				591D8BE91DC23B9D00C6B559 /* nigeria@2x.png in Resources */,
				591D8BF41DC23B9D00C6B559 /* uk.png in Resources */,
				591D8BAB1DC2353000C6B559 /* LaunchScreen.storyboard in Resources */,
				591D8BEF1DC23B9D00C6B559 /* russia@2x.png in Resources */,
				591D8BF61DC23B9D00C6B559 /* uk@3x.png in Resources */,
				591D8BE01DC23B9D00C6B559 /* ireland@2x.png in Resources */,
				591D8BDE1DC23B9D00C6B559 /* germany@3x.png in Resources */,
				591D8BD91DC23B9D00C6B559 /* france.png in Resources */,
				591D8BD61DC23B9D00C6B559 /* estonia.png in Resources */,
				591D8BE11DC23B9D00C6B559 /* ireland@3x.png in Resources */,
				591D8BE51DC23B9D00C6B559 /* monaco.png in Resources */,
				591D8BF71DC23B9D00C6B559 /* us.png in Resources */,
				591D8BDB1DC23B9D00C6B559 /* france@3x.png in Resources */,
				591D8BE31DC23B9D00C6B559 /* italy@2x.png in Resources */,
				591D8BA81DC2353000C6B559 /* Assets.xcassets in Resources */,
				591D8BE71DC23B9D00C6B559 /* monaco@3x.png in Resources */,
				591D8BA61DC2353000C6B559 /* Main.storyboard in Resources */,
				591D8BD81DC23B9D00C6B559 /* estonia@3x.png in Resources */,
				591D8BEA1DC23B9D00C6B559 /* nigeria@3x.png in Resources */,
				591D8BDD1DC23B9D00C6B559 /* germany@2x.png in Resources */,
				591D8BEB1DC23B9D00C6B559 /* poland.png in Resources */,
				591D8BDC1DC23B9D00C6B559 /* germany.png in Resources */,
				591D8BE21DC23B9D00C6B559 /* italy.png in Resources */,
				591D8BF01DC23B9D00C6B559 /* russia@3x.png in Resources */,
				591D8BF31DC23B9D00C6B559 /* spain@3x.png in Resources */,
				591D8BE81DC23B9D00C6B559 /* nigeria.png in Resources */,
			);
			runOnlyForDeploymentPostprocessing = 0;
		};
/* End PBXResourcesBuildPhase section */

/* Begin PBXSourcesBuildPhase section */
		591D8B991DC2353000C6B559 /* Sources */ = {
			isa = PBXSourcesBuildPhase;
			buildActionMask = 2147483647;
			files = (
				591D8BFB1DC23C9D00C6B559 /* DetailViewController.swift in Sources */,
				591D8BA31DC2353000C6B559 /* ViewController.swift in Sources */,
				591D8BA11DC2353000C6B559 /* AppDelegate.swift in Sources */,
			);
			runOnlyForDeploymentPostprocessing = 0;
		};
/* End PBXSourcesBuildPhase section */

/* Begin PBXVariantGroup section */
		591D8BA41DC2353000C6B559 /* Main.storyboard */ = {
			isa = PBXVariantGroup;
			children = (
				591D8BA51DC2353000C6B559 /* Base */,
			);
			name = Main.storyboard;
			sourceTree = "<group>";
		};
		591D8BA91DC2353000C6B559 /* LaunchScreen.storyboard */ = {
			isa = PBXVariantGroup;
			children = (
				591D8BAA1DC2353000C6B559 /* Base */,
			);
			name = LaunchScreen.storyboard;
			sourceTree = "<group>";
		};
/* End PBXVariantGroup section */

/* Begin XCBuildConfiguration section */
		591D8BAD1DC2353000C6B559 /* Debug */ = {
			isa = XCBuildConfiguration;
			buildSettings = {
				ALWAYS_SEARCH_USER_PATHS = NO;
				CLANG_ANALYZER_NONNULL = YES;
				CLANG_CXX_LANGUAGE_STANDARD = "gnu++0x";
				CLANG_CXX_LIBRARY = "libc++";
				CLANG_ENABLE_MODULES = YES;
				CLANG_ENABLE_OBJC_ARC = YES;
				CLANG_WARN_BOOL_CONVERSION = YES;
				CLANG_WARN_CONSTANT_CONVERSION = YES;
				CLANG_WARN_DIRECT_OBJC_ISA_USAGE = YES_ERROR;
				CLANG_WARN_DOCUMENTATION_COMMENTS = YES;
				CLANG_WARN_EMPTY_BODY = YES;
				CLANG_WARN_ENUM_CONVERSION = YES;
				CLANG_WARN_INFINITE_RECURSION = YES;
				CLANG_WARN_INT_CONVERSION = YES;
				CLANG_WARN_OBJC_ROOT_CLASS = YES_ERROR;
				CLANG_WARN_SUSPICIOUS_MOVES = YES;
				CLANG_WARN_UNREACHABLE_CODE = YES;
				CLANG_WARN__DUPLICATE_METHOD_MATCH = YES;
				"CODE_SIGN_IDENTITY[sdk=iphoneos*]" = "iPhone Developer";
				COPY_PHASE_STRIP = NO;
				DEBUG_INFORMATION_FORMAT = dwarf;
				ENABLE_STRICT_OBJC_MSGSEND = YES;
				ENABLE_TESTABILITY = YES;
				GCC_C_LANGUAGE_STANDARD = gnu99;
				GCC_DYNAMIC_NO_PIC = NO;
				GCC_NO_COMMON_BLOCKS = YES;
				GCC_OPTIMIZATION_LEVEL = 0;
				GCC_PREPROCESSOR_DEFINITIONS = (
					"DEBUG=1",
					"$(inherited)",
				);
				GCC_WARN_64_TO_32_BIT_CONVERSION = YES;
				GCC_WARN_ABOUT_RETURN_TYPE = YES_ERROR;
				GCC_WARN_UNDECLARED_SELECTOR = YES;
				GCC_WARN_UNINITIALIZED_AUTOS = YES_AGGRESSIVE;
				GCC_WARN_UNUSED_FUNCTION = YES;
				GCC_WARN_UNUSED_VARIABLE = YES;
				IPHONEOS_DEPLOYMENT_TARGET = 10.0;
				MTL_ENABLE_DEBUG_INFO = YES;
				ONLY_ACTIVE_ARCH = YES;
				SDKROOT = iphoneos;
				SWIFT_ACTIVE_COMPILATION_CONDITIONS = DEBUG;
				SWIFT_OPTIMIZATION_LEVEL = "-Onone";
			};
			name = Debug;
		};
		591D8BAE1DC2353000C6B559 /* Release */ = {
			isa = XCBuildConfiguration;
			buildSettings = {
				ALWAYS_SEARCH_USER_PATHS = NO;
				CLANG_ANALYZER_NONNULL = YES;
				CLANG_CXX_LANGUAGE_STANDARD = "gnu++0x";
				CLANG_CXX_LIBRARY = "libc++";
				CLANG_ENABLE_MODULES = YES;
				CLANG_ENABLE_OBJC_ARC = YES;
				CLANG_WARN_BOOL_CONVERSION = YES;
				CLANG_WARN_CONSTANT_CONVERSION = YES;
				CLANG_WARN_DIRECT_OBJC_ISA_USAGE = YES_ERROR;
				CLANG_WARN_DOCUMENTATION_COMMENTS = YES;
				CLANG_WARN_EMPTY_BODY = YES;
				CLANG_WARN_ENUM_CONVERSION = YES;
				CLANG_WARN_INFINITE_RECURSION = YES;
				CLANG_WARN_INT_CONVERSION = YES;
				CLANG_WARN_OBJC_ROOT_CLASS = YES_ERROR;
				CLANG_WARN_SUSPICIOUS_MOVES = YES;
				CLANG_WARN_UNREACHABLE_CODE = YES;
				CLANG_WARN__DUPLICATE_METHOD_MATCH = YES;
				"CODE_SIGN_IDENTITY[sdk=iphoneos*]" = "iPhone Developer";
				COPY_PHASE_STRIP = NO;
				DEBUG_INFORMATION_FORMAT = "dwarf-with-dsym";
				ENABLE_NS_ASSERTIONS = NO;
				ENABLE_STRICT_OBJC_MSGSEND = YES;
				GCC_C_LANGUAGE_STANDARD = gnu99;
				GCC_NO_COMMON_BLOCKS = YES;
				GCC_WARN_64_TO_32_BIT_CONVERSION = YES;
				GCC_WARN_ABOUT_RETURN_TYPE = YES_ERROR;
				GCC_WARN_UNDECLARED_SELECTOR = YES;
				GCC_WARN_UNINITIALIZED_AUTOS = YES_AGGRESSIVE;
				GCC_WARN_UNUSED_FUNCTION = YES;
				GCC_WARN_UNUSED_VARIABLE = YES;
				IPHONEOS_DEPLOYMENT_TARGET = 10.0;
				MTL_ENABLE_DEBUG_INFO = NO;
				SDKROOT = iphoneos;
				SWIFT_OPTIMIZATION_LEVEL = "-Owholemodule";
				VALIDATE_PRODUCT = YES;
			};
			name = Release;
		};
		591D8BB01DC2353000C6B559 /* Debug */ = {
			isa = XCBuildConfiguration;
			buildSettings = {
				ASSETCATALOG_COMPILER_APPICON_NAME = AppIcon;
				INFOPLIST_FILE = project3.5/Info.plist;
				LD_RUNPATH_SEARCH_PATHS = "$(inherited) @executable_path/Frameworks";
				PRODUCT_BUNDLE_IDENTIFIER = "com.jaysteingold.project3-5";
				PRODUCT_NAME = "$(TARGET_NAME)";
				SWIFT_VERSION = 3.0;
			};
			name = Debug;
		};
		591D8BB11DC2353000C6B559 /* Release */ = {
			isa = XCBuildConfiguration;
			buildSettings = {
				ASSETCATALOG_COMPILER_APPICON_NAME = AppIcon;
				INFOPLIST_FILE = project3.5/Info.plist;
				LD_RUNPATH_SEARCH_PATHS = "$(inherited) @executable_path/Frameworks";
				PRODUCT_BUNDLE_IDENTIFIER = "com.jaysteingold.project3-5";
				PRODUCT_NAME = "$(TARGET_NAME)";
				SWIFT_VERSION = 3.0;
			};
			name = Release;
		};
/* End XCBuildConfiguration section */

/* Begin XCConfigurationList section */
		591D8B981DC2353000C6B559 /* Build configuration list for PBXProject "project3.5" */ = {
			isa = XCConfigurationList;
			buildConfigurations = (
				591D8BAD1DC2353000C6B559 /* Debug */,
				591D8BAE1DC2353000C6B559 /* Release */,
			);
			defaultConfigurationIsVisible = 0;
			defaultConfigurationName = Release;
		};
		591D8BAF1DC2353000C6B559 /* Build configuration list for PBXNativeTarget "project3.5" */ = {
			isa = XCConfigurationList;
			buildConfigurations = (
				591D8BB01DC2353000C6B559 /* Debug */,
				591D8BB11DC2353000C6B559 /* Release */,
			);
			defaultConfigurationIsVisible = 0;
		};
/* End XCConfigurationList section */
	};
	rootObject = 591D8B951DC2353000C6B559 /* Project object */;
}
