// !$*UTF8*$!
{
	archiveVersion = 1;
	classes = {
	};
	objectVersion = 46;
	objects = {

/* Begin PBXBuildFile section */
		59B3AC1A1E80420300B23C4F /* AppDelegate.swift in Sources */ = {isa = PBXBuildFile; fileRef = 59B3AC191E80420300B23C4F /* AppDelegate.swift */; };
		59B3AC1C1E80420300B23C4F /* ViewController.swift in Sources */ = {isa = PBXBuildFile; fileRef = 59B3AC1B1E80420300B23C4F /* ViewController.swift */; };
		59B3AC1F1E80420300B23C4F /* Main.storyboard in Resources */ = {isa = PBXBuildFile; fileRef = 59B3AC1D1E80420300B23C4F /* Main.storyboard */; };
		59B3AC221E80420300B23C4F /* Project15.xcdatamodeld in Sources */ = {isa = PBXBuildFile; fileRef = 59B3AC201E80420300B23C4F /* Project15.xcdatamodeld */; };
		59B3AC241E80420300B23C4F /* Assets.xcassets in Resources */ = {isa = PBXBuildFile; fileRef = 59B3AC231E80420300B23C4F /* Assets.xcassets */; };
		59B3AC271E80420300B23C4F /* LaunchScreen.storyboard in Resources */ = {isa = PBXBuildFile; fileRef = 59B3AC251E80420300B23C4F /* LaunchScreen.storyboard */; };
/* End PBXBuildFile section */

/* Begin PBXFileReference section */
		59B3AC161E80420300B23C4F /* Project15.app */ = {isa = PBXFileReference; explicitFileType = wrapper.application; includeInIndex = 0; path = Project15.app; sourceTree = BUILT_PRODUCTS_DIR; };
		59B3AC191E80420300B23C4F /* AppDelegate.swift */ = {isa = PBXFileReference; lastKnownFileType = sourcecode.swift; path = AppDelegate.swift; sourceTree = "<group>"; };
		59B3AC1B1E80420300B23C4F /* ViewController.swift */ = {isa = PBXFileReference; lastKnownFileType = sourcecode.swift; path = ViewController.swift; sourceTree = "<group>"; };
		59B3AC1E1E80420300B23C4F /* Base */ = {isa = PBXFileReference; lastKnownFileType = file.storyboard; name = Base; path = Base.lproj/Main.storyboard; sourceTree = "<group>"; };
		59B3AC211E80420300B23C4F /* Project15.xcdatamodel */ = {isa = PBXFileReference; lastKnownFileType = wrapper.xcdatamodel; path = Project15.xcdatamodel; sourceTree = "<group>"; };
		59B3AC231E80420300B23C4F /* Assets.xcassets */ = {isa = PBXFileReference; lastKnownFileType = folder.assetcatalog; path = Assets.xcassets; sourceTree = "<group>"; };
		59B3AC261E80420300B23C4F /* Base */ = {isa = PBXFileReference; lastKnownFileType = file.storyboard; name = Base; path = Base.lproj/LaunchScreen.storyboard; sourceTree = "<group>"; };
		59B3AC281E80420300B23C4F /* Info.plist */ = {isa = PBXFileReference; lastKnownFileType = text.plist.xml; path = Info.plist; sourceTree = "<group>"; };
/* End PBXFileReference section */

/* Begin PBXFrameworksBuildPhase section */
		59B3AC131E80420300B23C4F /* Frameworks */ = {
			isa = PBXFrameworksBuildPhase;
			buildActionMask = 2147483647;
			files = (
			);
			runOnlyForDeploymentPostprocessing = 0;
		};
/* End PBXFrameworksBuildPhase section */

/* Begin PBXGroup section */
		59B3AC0D1E80420300B23C4F = {
			isa = PBXGroup;
			children = (
				59B3AC181E80420300B23C4F /* Project15 */,
				59B3AC171E80420300B23C4F /* Products */,
			);
			sourceTree = "<group>";
		};
		59B3AC171E80420300B23C4F /* Products */ = {
			isa = PBXGroup;
			children = (
				59B3AC161E80420300B23C4F /* Project15.app */,
			);
			name = Products;
			sourceTree = "<group>";
		};
		59B3AC181E80420300B23C4F /* Project15 */ = {
			isa = PBXGroup;
			children = (
				59B3AC191E80420300B23C4F /* AppDelegate.swift */,
				59B3AC1B1E80420300B23C4F /* ViewController.swift */,
				59B3AC1D1E80420300B23C4F /* Main.storyboard */,
				59B3AC231E80420300B23C4F /* Assets.xcassets */,
				59B3AC251E80420300B23C4F /* LaunchScreen.storyboard */,
				59B3AC281E80420300B23C4F /* Info.plist */,
				59B3AC201E80420300B23C4F /* Project15.xcdatamodeld */,
			);
			path = Project15;
			sourceTree = "<group>";
		};
/* End PBXGroup section */

/* Begin PBXNativeTarget section */
		59B3AC151E80420300B23C4F /* Project15 */ = {
			isa = PBXNativeTarget;
			buildConfigurationList = 59B3AC2B1E80420300B23C4F /* Build configuration list for PBXNativeTarget "Project15" */;
			buildPhases = (
				59B3AC121E80420300B23C4F /* Sources */,
				59B3AC131E80420300B23C4F /* Frameworks */,
				59B3AC141E80420300B23C4F /* Resources */,
			);
			buildRules = (
			);
			dependencies = (
			);
			name = Project15;
			productName = Project15;
			productReference = 59B3AC161E80420300B23C4F /* Project15.app */;
			productType = "com.apple.product-type.application";
		};
/* End PBXNativeTarget section */

/* Begin PBXProject section */
		59B3AC0E1E80420300B23C4F /* Project object */ = {
			isa = PBXProject;
			attributes = {
				LastSwiftUpdateCheck = 0800;
				LastUpgradeCheck = 0800;
				ORGANIZATIONNAME = Goldjay;
				TargetAttributes = {
					59B3AC151E80420300B23C4F = {
						CreatedOnToolsVersion = 8.0;
						DevelopmentTeam = HR2MYMKCB9;
						ProvisioningStyle = Automatic;
					};
				};
			};
			buildConfigurationList = 59B3AC111E80420300B23C4F /* Build configuration list for PBXProject "Project15" */;
			compatibilityVersion = "Xcode 3.2";
			developmentRegion = English;
			hasScannedForEncodings = 0;
			knownRegions = (
				en,
				Base,
			);
			mainGroup = 59B3AC0D1E80420300B23C4F;
			productRefGroup = 59B3AC171E80420300B23C4F /* Products */;
			projectDirPath = "";
			projectRoot = "";
			targets = (
				59B3AC151E80420300B23C4F /* Project15 */,
			);
		};
/* End PBXProject section */

/* Begin PBXResourcesBuildPhase section */
		59B3AC141E80420300B23C4F /* Resources */ = {
			isa = PBXResourcesBuildPhase;
			buildActionMask = 2147483647;
			files = (
				59B3AC271E80420300B23C4F /* LaunchScreen.storyboard in Resources */,
				59B3AC241E80420300B23C4F /* Assets.xcassets in Resources */,
				59B3AC1F1E80420300B23C4F /* Main.storyboard in Resources */,
			);
			runOnlyForDeploymentPostprocessing = 0;
		};
/* End PBXResourcesBuildPhase section */

/* Begin PBXSourcesBuildPhase section */
		59B3AC121E80420300B23C4F /* Sources */ = {
			isa = PBXSourcesBuildPhase;
			buildActionMask = 2147483647;
			files = (
				59B3AC221E80420300B23C4F /* Project15.xcdatamodeld in Sources */,
				59B3AC1C1E80420300B23C4F /* ViewController.swift in Sources */,
				59B3AC1A1E80420300B23C4F /* AppDelegate.swift in Sources */,
			);
			runOnlyForDeploymentPostprocessing = 0;
		};
/* End PBXSourcesBuildPhase section */

/* Begin PBXVariantGroup section */
		59B3AC1D1E80420300B23C4F /* Main.storyboard */ = {
			isa = PBXVariantGroup;
			children = (
				59B3AC1E1E80420300B23C4F /* Base */,
			);
			name = Main.storyboard;
			sourceTree = "<group>";
		};
		59B3AC251E80420300B23C4F /* LaunchScreen.storyboard */ = {
			isa = PBXVariantGroup;
			children = (
				59B3AC261E80420300B23C4F /* Base */,
			);
			name = LaunchScreen.storyboard;
			sourceTree = "<group>";
		};
/* End PBXVariantGroup section */

/* Begin XCBuildConfiguration section */
		59B3AC291E80420300B23C4F /* Debug */ = {
			isa = XCBuildConfiguration;
			buildSettings = {
				ALWAYS_SEARCH_USER_PATHS = NO;
				CLANG_ANALYZER_NONNULL = YES;
				CLANG_CXX_LANGUAGE_STANDARD = "gnu++0x";
				CLANG_CXX_LIBRARY = "libc++";
				CLANG_ENABLE_MODULES = YES;
				CLANG_ENABLE_OBJC_ARC = YES;
				CLANG_WARN_BOOL_CONVERSION = YES;
				CLANG_WARN_CONSTANT_CONVERSION = YES;
				CLANG_WARN_DIRECT_OBJC_ISA_USAGE = YES_ERROR;
				CLANG_WARN_DOCUMENTATION_COMMENTS = YES;
				CLANG_WARN_EMPTY_BODY = YES;
				CLANG_WARN_ENUM_CONVERSION = YES;
				CLANG_WARN_INFINITE_RECURSION = YES;
				CLANG_WARN_INT_CONVERSION = YES;
				CLANG_WARN_OBJC_ROOT_CLASS = YES_ERROR;
				CLANG_WARN_SUSPICIOUS_MOVES = YES;
				CLANG_WARN_UNREACHABLE_CODE = YES;
				CLANG_WARN__DUPLICATE_METHOD_MATCH = YES;
				"CODE_SIGN_IDENTITY[sdk=iphoneos*]" = "iPhone Developer";
				COPY_PHASE_STRIP = NO;
				DEBUG_INFORMATION_FORMAT = dwarf;
				ENABLE_STRICT_OBJC_MSGSEND = YES;
				ENABLE_TESTABILITY = YES;
				GCC_C_LANGUAGE_STANDARD = gnu99;
				GCC_DYNAMIC_NO_PIC = NO;
				GCC_NO_COMMON_BLOCKS = YES;
				GCC_OPTIMIZATION_LEVEL = 0;
				GCC_PREPROCESSOR_DEFINITIONS = (
					"DEBUG=1",
					"$(inherited)",
				);
				GCC_WARN_64_TO_32_BIT_CONVERSION = YES;
				GCC_WARN_ABOUT_RETURN_TYPE = YES_ERROR;
				GCC_WARN_UNDECLARED_SELECTOR = YES;
				GCC_WARN_UNINITIALIZED_AUTOS = YES_AGGRESSIVE;
				GCC_WARN_UNUSED_FUNCTION = YES;
				GCC_WARN_UNUSED_VARIABLE = YES;
				IPHONEOS_DEPLOYMENT_TARGET = 10.0;
				MTL_ENABLE_DEBUG_INFO = YES;
				ONLY_ACTIVE_ARCH = YES;
				SDKROOT = iphoneos;
				SWIFT_ACTIVE_COMPILATION_CONDITIONS = DEBUG;
				SWIFT_OPTIMIZATION_LEVEL = "-Onone";
				TARGETED_DEVICE_FAMILY = "1,2";
			};
			name = Debug;
		};
		59B3AC2A1E80420300B23C4F /* Release */ = {
			isa = XCBuildConfiguration;
			buildSettings = {
				ALWAYS_SEARCH_USER_PATHS = NO;
				CLANG_ANALYZER_NONNULL = YES;
				CLANG_CXX_LANGUAGE_STANDARD = "gnu++0x";
				CLANG_CXX_LIBRARY = "libc++";
				CLANG_ENABLE_MODULES = YES;
				CLANG_ENABLE_OBJC_ARC = YES;
				CLANG_WARN_BOOL_CONVERSION = YES;
				CLANG_WARN_CONSTANT_CONVERSION = YES;
				CLANG_WARN_DIRECT_OBJC_ISA_USAGE = YES_ERROR;
				CLANG_WARN_DOCUMENTATION_COMMENTS = YES;
				CLANG_WARN_EMPTY_BODY = YES;
				CLANG_WARN_ENUM_CONVERSION = YES;
				CLANG_WARN_INFINITE_RECURSION = YES;
				CLANG_WARN_INT_CONVERSION = YES;
				CLANG_WARN_OBJC_ROOT_CLASS = YES_ERROR;
				CLANG_WARN_SUSPICIOUS_MOVES = YES;
				CLANG_WARN_UNREACHABLE_CODE = YES;
				CLANG_WARN__DUPLICATE_METHOD_MATCH = YES;
				"CODE_SIGN_IDENTITY[sdk=iphoneos*]" = "iPhone Developer";
				COPY_PHASE_STRIP = NO;
				DEBUG_INFORMATION_FORMAT = "dwarf-with-dsym";
				ENABLE_NS_ASSERTIONS = NO;
				ENABLE_STRICT_OBJC_MSGSEND = YES;
				GCC_C_LANGUAGE_STANDARD = gnu99;
				GCC_NO_COMMON_BLOCKS = YES;
				GCC_WARN_64_TO_32_BIT_CONVERSION = YES;
				GCC_WARN_ABOUT_RETURN_TYPE = YES_ERROR;
				GCC_WARN_UNDECLARED_SELECTOR = YES;
				GCC_WARN_UNINITIALIZED_AUTOS = YES_AGGRESSIVE;
				GCC_WARN_UNUSED_FUNCTION = YES;
				GCC_WARN_UNUSED_VARIABLE = YES;
				IPHONEOS_DEPLOYMENT_TARGET = 10.0;
				MTL_ENABLE_DEBUG_INFO = NO;
				SDKROOT = iphoneos;
				SWIFT_OPTIMIZATION_LEVEL = "-Owholemodule";
				TARGETED_DEVICE_FAMILY = "1,2";
				VALIDATE_PRODUCT = YES;
			};
			name = Release;
		};
		59B3AC2C1E80420300B23C4F /* Debug */ = {
			isa = XCBuildConfiguration;
			buildSettings = {
				ASSETCATALOG_COMPILER_APPICON_NAME = AppIcon;
				DEVELOPMENT_TEAM = HR2MYMKCB9;
				INFOPLIST_FILE = Project15/Info.plist;
				LD_RUNPATH_SEARCH_PATHS = "$(inherited) @executable_path/Frameworks";
				PRODUCT_BUNDLE_IDENTIFIER = com.goldjay.Project15;
				PRODUCT_NAME = "$(TARGET_NAME)";
				SWIFT_VERSION = 3.0;
			};
			name = Debug;
		};
		59B3AC2D1E80420300B23C4F /* Release */ = {
			isa = XCBuildConfiguration;
			buildSettings = {
				ASSETCATALOG_COMPILER_APPICON_NAME = AppIcon;
				DEVELOPMENT_TEAM = HR2MYMKCB9;
				INFOPLIST_FILE = Project15/Info.plist;
				LD_RUNPATH_SEARCH_PATHS = "$(inherited) @executable_path/Frameworks";
				PRODUCT_BUNDLE_IDENTIFIER = com.goldjay.Project15;
				PRODUCT_NAME = "$(TARGET_NAME)";
				SWIFT_VERSION = 3.0;
			};
			name = Release;
		};
/* End XCBuildConfiguration section */

/* Begin XCConfigurationList section */
		59B3AC111E80420300B23C4F /* Build configuration list for PBXProject "Project15" */ = {
			isa = XCConfigurationList;
			buildConfigurations = (
				59B3AC291E80420300B23C4F /* Debug */,
				59B3AC2A1E80420300B23C4F /* Release */,
			);
			defaultConfigurationIsVisible = 0;
			defaultConfigurationName = Release;
		};
		59B3AC2B1E80420300B23C4F /* Build configuration list for PBXNativeTarget "Project15" */ = {
			isa = XCConfigurationList;
			buildConfigurations = (
				59B3AC2C1E80420300B23C4F /* Debug */,
				59B3AC2D1E80420300B23C4F /* Release */,
			);
			defaultConfigurationIsVisible = 0;
		};
/* End XCConfigurationList section */

/* Begin XCVersionGroup section */
		59B3AC201E80420300B23C4F /* Project15.xcdatamodeld */ = {
			isa = XCVersionGroup;
			children = (
				59B3AC211E80420300B23C4F /* Project15.xcdatamodel */,
			);
			currentVersion = 59B3AC211E80420300B23C4F /* Project15.xcdatamodel */;
			path = Project15.xcdatamodeld;
			sourceTree = "<group>";
			versionGroupType = wrapper.xcdatamodel;
		};
/* End XCVersionGroup section */
	};
	rootObject = 59B3AC0E1E80420300B23C4F /* Project object */;
}
